// !$*UTF8*$!
{
	archiveVersion = 1;
	classes = {
	};
	objectVersion = 56;
	objects = {

/* Begin PBXBuildFile section */
		2C6D68AE296FA36800EB37FC /* AppDelegate.swift in Sources */ = {isa = PBXBuildFile; fileRef = 2C6D68AD296FA36800EB37FC /* AppDelegate.swift */; };
		2C6D68B0296FA36800EB37FC /* ContentView.swift in Sources */ = {isa = PBXBuildFile; fileRef = 2C6D68AF296FA36800EB37FC /* ContentView.swift */; };
		2C6D68B4296FA36900EB37FC /* Assets.xcassets in Resources */ = {isa = PBXBuildFile; fileRef = 2C6D68B3296FA36900EB37FC /* Assets.xcassets */; };
		2C6D68B7296FA36900EB37FC /* Preview Assets.xcassets in Resources */ = {isa = PBXBuildFile; fileRef = 2C6D68B6296FA36900EB37FC /* Preview Assets.xcassets */; };
		2C6D68C3296FA5D000EB37FC /* teapot.usdz in Resources */ = {isa = PBXBuildFile; fileRef = 2C6D68BE296FA5D000EB37FC /* teapot.usdz */; };
		2C6D68C4296FA5D000EB37FC /* toy_car.usdz in Resources */ = {isa = PBXBuildFile; fileRef = 2C6D68BF296FA5D000EB37FC /* toy_car.usdz */; };
		2C6D68C5296FA5D000EB37FC /* toy_biplane.usdz in Resources */ = {isa = PBXBuildFile; fileRef = 2C6D68C0296FA5D000EB37FC /* toy_biplane.usdz */; };
		2C6D68C6296FA5D000EB37FC /* tv_retro.usdz in Resources */ = {isa = PBXBuildFile; fileRef = 2C6D68C1296FA5D000EB37FC /* tv_retro.usdz */; };
		2C6D68C7296FA5D000EB37FC /* cup_saucer_set.usdz in Resources */ = {isa = PBXBuildFile; fileRef = 2C6D68C2296FA5D000EB37FC /* cup_saucer_set.usdz */; };
		2C6D68CA296FA6B600EB37FC /* FocusEntity in Frameworks */ = {isa = PBXBuildFile; productRef = 2C6D68C9296FA6B600EB37FC /* FocusEntity */; };
		2C6D68CC296FA6DE00EB37FC /* FocusARView.swift in Sources */ = {isa = PBXBuildFile; fileRef = 2C6D68CB296FA6DE00EB37FC /* FocusARView.swift */; };
		2C6D68D0296FA83D00EB37FC /* Model.swift in Sources */ = {isa = PBXBuildFile; fileRef = 2C6D68CF296FA83D00EB37FC /* Model.swift */; };
		2C6D68D2296FAE1A00EB37FC /* PlacementButtonView.swift in Sources */ = {isa = PBXBuildFile; fileRef = 2C6D68D1296FAE1A00EB37FC /* PlacementButtonView.swift */; };
		2C6D68D4296FAE6B00EB37FC /* ModelPickerView.swift in Sources */ = {isa = PBXBuildFile; fileRef = 2C6D68D3296FAE6B00EB37FC /* ModelPickerView.swift */; };
/* End PBXBuildFile section */

/* Begin PBXFileReference section */
		2C6D68AA296FA36800EB37FC /* ARCraft Final.app */ = {isa = PBXFileReference; explicitFileType = wrapper.application; includeInIndex = 0; path = "ARCraft Final.app"; sourceTree = BUILT_PRODUCTS_DIR; };
		2C6D68AD296FA36800EB37FC /* AppDelegate.swift */ = {isa = PBXFileReference; lastKnownFileType = sourcecode.swift; path = AppDelegate.swift; sourceTree = "<group>"; };
		2C6D68AF296FA36800EB37FC /* ContentView.swift */ = {isa = PBXFileReference; lastKnownFileType = sourcecode.swift; path = ContentView.swift; sourceTree = "<group>"; };
		2C6D68B3296FA36900EB37FC /* Assets.xcassets */ = {isa = PBXFileReference; lastKnownFileType = folder.assetcatalog; path = Assets.xcassets; sourceTree = "<group>"; };
		2C6D68B6296FA36900EB37FC /* Preview Assets.xcassets */ = {isa = PBXFileReference; lastKnownFileType = folder.assetcatalog; path = "Preview Assets.xcassets"; sourceTree = "<group>"; };
		2C6D68BE296FA5D000EB37FC /* teapot.usdz */ = {isa = PBXFileReference; lastKnownFileType = file.usdz; path = teapot.usdz; sourceTree = "<group>"; };
		2C6D68BF296FA5D000EB37FC /* toy_car.usdz */ = {isa = PBXFileReference; lastKnownFileType = file.usdz; path = toy_car.usdz; sourceTree = "<group>"; };
		2C6D68C0296FA5D000EB37FC /* toy_biplane.usdz */ = {isa = PBXFileReference; lastKnownFileType = file.usdz; path = toy_biplane.usdz; sourceTree = "<group>"; };
		2C6D68C1296FA5D000EB37FC /* tv_retro.usdz */ = {isa = PBXFileReference; lastKnownFileType = file.usdz; path = tv_retro.usdz; sourceTree = "<group>"; };
		2C6D68C2296FA5D000EB37FC /* cup_saucer_set.usdz */ = {isa = PBXFileReference; lastKnownFileType = file.usdz; path = cup_saucer_set.usdz; sourceTree = "<group>"; };
		2C6D68CB296FA6DE00EB37FC /* FocusARView.swift */ = {isa = PBXFileReference; fileEncoding = 4; lastKnownFileType = sourcecode.swift; path = FocusARView.swift; sourceTree = "<group>"; };
		2C6D68CF296FA83D00EB37FC /* Model.swift */ = {isa = PBXFileReference; fileEncoding = 4; lastKnownFileType = sourcecode.swift; path = Model.swift; sourceTree = "<group>"; };
		2C6D68D1296FAE1A00EB37FC /* PlacementButtonView.swift */ = {isa = PBXFileReference; fileEncoding = 4; lastKnownFileType = sourcecode.swift; path = PlacementButtonView.swift; sourceTree = "<group>"; };
		2C6D68D3296FAE6B00EB37FC /* ModelPickerView.swift */ = {isa = PBXFileReference; fileEncoding = 4; lastKnownFileType = sourcecode.swift; path = ModelPickerView.swift; sourceTree = "<group>"; };
/* End PBXFileReference section */

/* Begin PBXFrameworksBuildPhase section */
		2C6D68A7296FA36800EB37FC /* Frameworks */ = {
			isa = PBXFrameworksBuildPhase;
			buildActionMask = 2147483647;
			files = (
				2C6D68CA296FA6B600EB37FC /* FocusEntity in Frameworks */,
			);
			runOnlyForDeploymentPostprocessing = 0;
		};
/* End PBXFrameworksBuildPhase section */

/* Begin PBXGroup section */
		2C6D68A1296FA36800EB37FC = {
			isa = PBXGroup;
			children = (
				2C6D68AC296FA36800EB37FC /* ARCraft Final */,
				2C6D68CF296FA83D00EB37FC /* Model.swift */,
				2C6D68AB296FA36800EB37FC /* Products */,
			);
			sourceTree = "<group>";
		};
		2C6D68AB296FA36800EB37FC /* Products */ = {
			isa = PBXGroup;
			children = (
				2C6D68AA296FA36800EB37FC /* ARCraft Final.app */,
			);
			name = Products;
			sourceTree = "<group>";
		};
		2C6D68AC296FA36800EB37FC /* ARCraft Final */ = {
			isa = PBXGroup;
			children = (
				2C6D68BD296FA5D000EB37FC /* Models */,
				2C6D68AD296FA36800EB37FC /* AppDelegate.swift */,
				2C6D68CB296FA6DE00EB37FC /* FocusARView.swift */,
				2C6D68D1296FAE1A00EB37FC /* PlacementButtonView.swift */,
				2C6D68AF296FA36800EB37FC /* ContentView.swift */,
				2C6D68D3296FAE6B00EB37FC /* ModelPickerView.swift */,
				2C6D68B3296FA36900EB37FC /* Assets.xcassets */,
				2C6D68B5296FA36900EB37FC /* Preview Content */,
			);
			path = "ARCraft Final";
			sourceTree = "<group>";
		};
		2C6D68B5296FA36900EB37FC /* Preview Content */ = {
			isa = PBXGroup;
			children = (
				2C6D68B6296FA36900EB37FC /* Preview Assets.xcassets */,
			);
			path = "Preview Content";
			sourceTree = "<group>";
		};
		2C6D68BD296FA5D000EB37FC /* Models */ = {
			isa = PBXGroup;
			children = (
				2C6D68BE296FA5D000EB37FC /* teapot.usdz */,
				2C6D68BF296FA5D000EB37FC /* toy_car.usdz */,
				2C6D68C0296FA5D000EB37FC /* toy_biplane.usdz */,
				2C6D68C1296FA5D000EB37FC /* tv_retro.usdz */,
				2C6D68C2296FA5D000EB37FC /* cup_saucer_set.usdz */,
			);
			path = Models;
			sourceTree = "<group>";
		};
/* End PBXGroup section */

/* Begin PBXNativeTarget section */
		2C6D68A9296FA36800EB37FC /* ARCraft Final */ = {
			isa = PBXNativeTarget;
			buildConfigurationList = 2C6D68BA296FA36900EB37FC /* Build configuration list for PBXNativeTarget "ARCraft Final" */;
			buildPhases = (
				2C6D68A6296FA36800EB37FC /* Sources */,
				2C6D68A7296FA36800EB37FC /* Frameworks */,
				2C6D68A8296FA36800EB37FC /* Resources */,
			);
			buildRules = (
			);
			dependencies = (
			);
			name = "ARCraft Final";
			packageProductDependencies = (
				2C6D68C9296FA6B600EB37FC /* FocusEntity */,
			);
			productName = "ARCraft Final";
			productReference = 2C6D68AA296FA36800EB37FC /* ARCraft Final.app */;
			productType = "com.apple.product-type.application";
		};
/* End PBXNativeTarget section */

/* Begin PBXProject section */
		2C6D68A2296FA36800EB37FC /* Project object */ = {
			isa = PBXProject;
			attributes = {
				BuildIndependentTargetsInParallel = 1;
				LastSwiftUpdateCheck = 1420;
				LastUpgradeCheck = 1420;
				TargetAttributes = {
					2C6D68A9296FA36800EB37FC = {
						CreatedOnToolsVersion = 14.2;
					};
				};
			};
			buildConfigurationList = 2C6D68A5296FA36800EB37FC /* Build configuration list for PBXProject "ARCraft Final" */;
			compatibilityVersion = "Xcode 14.0";
			developmentRegion = en;
			hasScannedForEncodings = 0;
			knownRegions = (
				en,
				Base,
			);
			mainGroup = 2C6D68A1296FA36800EB37FC;
			packageReferences = (
				2C6D68C8296FA6B600EB37FC /* XCRemoteSwiftPackageReference "FocusEntity" */,
			);
			productRefGroup = 2C6D68AB296FA36800EB37FC /* Products */;
			projectDirPath = "";
			projectRoot = "";
			targets = (
				2C6D68A9296FA36800EB37FC /* ARCraft Final */,
			);
		};
/* End PBXProject section */

/* Begin PBXResourcesBuildPhase section */
		2C6D68A8296FA36800EB37FC /* Resources */ = {
			isa = PBXResourcesBuildPhase;
			buildActionMask = 2147483647;
			files = (
				2C6D68C6296FA5D000EB37FC /* tv_retro.usdz in Resources */,
				2C6D68C7296FA5D000EB37FC /* cup_saucer_set.usdz in Resources */,
				2C6D68C3296FA5D000EB37FC /* teapot.usdz in Resources */,
				2C6D68C5296FA5D000EB37FC /* toy_biplane.usdz in Resources */,
				2C6D68C4296FA5D000EB37FC /* toy_car.usdz in Resources */,
				2C6D68B7296FA36900EB37FC /* Preview Assets.xcassets in Resources */,
				2C6D68B4296FA36900EB37FC /* Assets.xcassets in Resources */,
			);
			runOnlyForDeploymentPostprocessing = 0;
		};
/* End PBXResourcesBuildPhase section */

/* Begin PBXSourcesBuildPhase section */
		2C6D68A6296FA36800EB37FC /* Sources */ = {
			isa = PBXSourcesBuildPhase;
			buildActionMask = 2147483647;
			files = (
				2C6D68B0296FA36800EB37FC /* ContentView.swift in Sources */,
				2C6D68CC296FA6DE00EB37FC /* FocusARView.swift in Sources */,
				2C6D68D4296FAE6B00EB37FC /* ModelPickerView.swift in Sources */,
				2C6D68AE296FA36800EB37FC /* AppDelegate.swift in Sources */,
				2C6D68D0296FA83D00EB37FC /* Model.swift in Sources */,
				2C6D68D2296FAE1A00EB37FC /* PlacementButtonView.swift in Sources */,
			);
			runOnlyForDeploymentPostprocessing = 0;
		};
/* End PBXSourcesBuildPhase section */

/* Begin XCBuildConfiguration section */
		2C6D68B8296FA36900EB37FC /* Debug */ = {
			isa = XCBuildConfiguration;
			buildSettings = {
				ALWAYS_SEARCH_USER_PATHS = NO;
				CLANG_ANALYZER_NONNULL = YES;
				CLANG_ANALYZER_NUMBER_OBJECT_CONVERSION = YES_AGGRESSIVE;
				CLANG_CXX_LANGUAGE_STANDARD = "gnu++20";
				CLANG_ENABLE_MODULES = YES;
				CLANG_ENABLE_OBJC_ARC = YES;
				CLANG_ENABLE_OBJC_WEAK = YES;
				CLANG_WARN_BLOCK_CAPTURE_AUTORELEASING = YES;
				CLANG_WARN_BOOL_CONVERSION = YES;
				CLANG_WARN_COMMA = YES;
				CLANG_WARN_CONSTANT_CONVERSION = YES;
				CLANG_WARN_DEPRECATED_OBJC_IMPLEMENTATIONS = YES;
				CLANG_WARN_DIRECT_OBJC_ISA_USAGE = YES_ERROR;
				CLANG_WARN_DOCUMENTATION_COMMENTS = YES;
				CLANG_WARN_EMPTY_BODY = YES;
				CLANG_WARN_ENUM_CONVERSION = YES;
				CLANG_WARN_INFINITE_RECURSION = YES;
				CLANG_WARN_INT_CONVERSION = YES;
				CLANG_WARN_NON_LITERAL_NULL_CONVERSION = YES;
				CLANG_WARN_OBJC_IMPLICIT_RETAIN_SELF = YES;
				CLANG_WARN_OBJC_LITERAL_CONVERSION = YES;
				CLANG_WARN_OBJC_ROOT_CLASS = YES_ERROR;
				CLANG_WARN_QUOTED_INCLUDE_IN_FRAMEWORK_HEADER = YES;
				CLANG_WARN_RANGE_LOOP_ANALYSIS = YES;
				CLANG_WARN_STRICT_PROTOTYPES = YES;
				CLANG_WARN_SUSPICIOUS_MOVE = YES;
				CLANG_WARN_UNGUARDED_AVAILABILITY = YES_AGGRESSIVE;
				CLANG_WARN_UNREACHABLE_CODE = YES;
				CLANG_WARN__DUPLICATE_METHOD_MATCH = YES;
				COPY_PHASE_STRIP = NO;
				DEBUG_INFORMATION_FORMAT = dwarf;
				ENABLE_STRICT_OBJC_MSGSEND = YES;
				ENABLE_TESTABILITY = YES;
				GCC_C_LANGUAGE_STANDARD = gnu11;
				GCC_DYNAMIC_NO_PIC = NO;
				GCC_NO_COMMON_BLOCKS = YES;
				GCC_OPTIMIZATION_LEVEL = 0;
				GCC_PREPROCESSOR_DEFINITIONS = (
					"DEBUG=1",
					"$(inherited)",
				);
				GCC_WARN_64_TO_32_BIT_CONVERSION = YES;
				GCC_WARN_ABOUT_RETURN_TYPE = YES_ERROR;
				GCC_WARN_UNDECLARED_SELECTOR = YES;
				GCC_WARN_UNINITIALIZED_AUTOS = YES_AGGRESSIVE;
				GCC_WARN_UNUSED_FUNCTION = YES;
				GCC_WARN_UNUSED_VARIABLE = YES;
				IPHONEOS_DEPLOYMENT_TARGET = 16.2;
				MTL_ENABLE_DEBUG_INFO = INCLUDE_SOURCE;
				MTL_FAST_MATH = YES;
				ONLY_ACTIVE_ARCH = YES;
				SDKROOT = iphoneos;
				SWIFT_ACTIVE_COMPILATION_CONDITIONS = DEBUG;
				SWIFT_OPTIMIZATION_LEVEL = "-Onone";
			};
			name = Debug;
		};
		2C6D68B9296FA36900EB37FC /* Release */ = {
			isa = XCBuildConfiguration;
			buildSettings = {
				ALWAYS_SEARCH_USER_PATHS = NO;
				CLANG_ANALYZER_NONNULL = YES;
				CLANG_ANALYZER_NUMBER_OBJECT_CONVERSION = YES_AGGRESSIVE;
				CLANG_CXX_LANGUAGE_STANDARD = "gnu++20";
				CLANG_ENABLE_MODULES = YES;
				CLANG_ENABLE_OBJC_ARC = YES;
				CLANG_ENABLE_OBJC_WEAK = YES;
				CLANG_WARN_BLOCK_CAPTURE_AUTORELEASING = YES;
				CLANG_WARN_BOOL_CONVERSION = YES;
				CLANG_WARN_COMMA = YES;
				CLANG_WARN_CONSTANT_CONVERSION = YES;
				CLANG_WARN_DEPRECATED_OBJC_IMPLEMENTATIONS = YES;
				CLANG_WARN_DIRECT_OBJC_ISA_USAGE = YES_ERROR;
				CLANG_WARN_DOCUMENTATION_COMMENTS = YES;
				CLANG_WARN_EMPTY_BODY = YES;
				CLANG_WARN_ENUM_CONVERSION = YES;
				CLANG_WARN_INFINITE_RECURSION = YES;
				CLANG_WARN_INT_CONVERSION = YES;
				CLANG_WARN_NON_LITERAL_NULL_CONVERSION = YES;
				CLANG_WARN_OBJC_IMPLICIT_RETAIN_SELF = YES;
				CLANG_WARN_OBJC_LITERAL_CONVERSION = YES;
				CLANG_WARN_OBJC_ROOT_CLASS = YES_ERROR;
				CLANG_WARN_QUOTED_INCLUDE_IN_FRAMEWORK_HEADER = YES;
				CLANG_WARN_RANGE_LOOP_ANALYSIS = YES;
				CLANG_WARN_STRICT_PROTOTYPES = YES;
				CLANG_WARN_SUSPICIOUS_MOVE = YES;
				CLANG_WARN_UNGUARDED_AVAILABILITY = YES_AGGRESSIVE;
				CLANG_WARN_UNREACHABLE_CODE = YES;
				CLANG_WARN__DUPLICATE_METHOD_MATCH = YES;
				COPY_PHASE_STRIP = NO;
				DEBUG_INFORMATION_FORMAT = "dwarf-with-dsym";
				ENABLE_NS_ASSERTIONS = NO;
				ENABLE_STRICT_OBJC_MSGSEND = YES;
				GCC_C_LANGUAGE_STANDARD = gnu11;
				GCC_NO_COMMON_BLOCKS = YES;
				GCC_WARN_64_TO_32_BIT_CONVERSION = YES;
				GCC_WARN_ABOUT_RETURN_TYPE = YES_ERROR;
				GCC_WARN_UNDECLARED_SELECTOR = YES;
				GCC_WARN_UNINITIALIZED_AUTOS = YES_AGGRESSIVE;
				GCC_WARN_UNUSED_FUNCTION = YES;
				GCC_WARN_UNUSED_VARIABLE = YES;
				IPHONEOS_DEPLOYMENT_TARGET = 16.2;
				MTL_ENABLE_DEBUG_INFO = NO;
				MTL_FAST_MATH = YES;
				SDKROOT = iphoneos;
				SWIFT_COMPILATION_MODE = wholemodule;
				SWIFT_OPTIMIZATION_LEVEL = "-O";
				VALIDATE_PRODUCT = YES;
			};
			name = Release;
		};
		2C6D68BB296FA36900EB37FC /* Debug */ = {
			isa = XCBuildConfiguration;
			buildSettings = {
				ASSETCATALOG_COMPILER_APPICON_NAME = AppIcon;
				ASSETCATALOG_COMPILER_GLOBAL_ACCENT_COLOR_NAME = AccentColor;
				CODE_SIGN_STYLE = Automatic;
				CURRENT_PROJECT_VERSION = 1;
				DEVELOPMENT_ASSET_PATHS = "\"ARCraft Final/Preview Content\"";
				DEVELOPMENT_TEAM = 79E2HK52R2;
				ENABLE_PREVIEWS = YES;
				GENERATE_INFOPLIST_FILE = YES;
				INFOPLIST_KEY_CFBundleDisplayName = ARCrafts;
				INFOPLIST_KEY_NSCameraUsageDescription = "";
				INFOPLIST_KEY_UIApplicationSupportsIndirectInputEvents = YES;
				INFOPLIST_KEY_UILaunchScreen_Generation = YES;
				INFOPLIST_KEY_UIRequiredDeviceCapabilities = arkit;
				INFOPLIST_KEY_UIStatusBarHidden = YES;
				INFOPLIST_KEY_UISupportedInterfaceOrientations_iPad = "UIInterfaceOrientationPortrait UIInterfaceOrientationPortraitUpsideDown UIInterfaceOrientationLandscapeLeft UIInterfaceOrientationLandscapeRight";
				INFOPLIST_KEY_UISupportedInterfaceOrientations_iPhone = "UIInterfaceOrientationPortrait UIInterfaceOrientationLandscapeLeft UIInterfaceOrientationLandscapeRight";
				LD_RUNPATH_SEARCH_PATHS = (
					"$(inherited)",
					"@executable_path/Frameworks",
				);
				MARKETING_VERSION = 1.0;
				PRODUCT_BUNDLE_IDENTIFIER = "David.ARCraft-Final";
				PRODUCT_NAME = "$(TARGET_NAME)";
				SWIFT_EMIT_LOC_STRINGS = YES;
				SWIFT_VERSION = 5.0;
				TARGETED_DEVICE_FAMILY = "1,2";
			};
			name = Debug;
		};
		2C6D68BC296FA36900EB37FC /* Release */ = {
			isa = XCBuildConfiguration;
			buildSettings = {
				ASSETCATALOG_COMPILER_APPICON_NAME = AppIcon;
				ASSETCATALOG_COMPILER_GLOBAL_ACCENT_COLOR_NAME = AccentColor;
				CODE_SIGN_STYLE = Automatic;
				CURRENT_PROJECT_VERSION = 1;
				DEVELOPMENT_ASSET_PATHS = "\"ARCraft Final/Preview Content\"";
				DEVELOPMENT_TEAM = 79E2HK52R2;
				ENABLE_PREVIEWS = YES;
				GENERATE_INFOPLIST_FILE = YES;
				INFOPLIST_KEY_CFBundleDisplayName = ARCrafts;
				INFOPLIST_KEY_NSCameraUsageDescription = "";
				INFOPLIST_KEY_UIApplicationSupportsIndirectInputEvents = YES;
				INFOPLIST_KEY_UILaunchScreen_Generation = YES;
				INFOPLIST_KEY_UIRequiredDeviceCapabilities = arkit;
				INFOPLIST_KEY_UIStatusBarHidden = YES;
				INFOPLIST_KEY_UISupportedInterfaceOrientations_iPad = "UIInterfaceOrientationPortrait UIInterfaceOrientationPortraitUpsideDown UIInterfaceOrientationLandscapeLeft UIInterfaceOrientationLandscapeRight";
				INFOPLIST_KEY_UISupportedInterfaceOrientations_iPhone = "UIInterfaceOrientationPortrait UIInterfaceOrientationLandscapeLeft UIInterfaceOrientationLandscapeRight";
				LD_RUNPATH_SEARCH_PATHS = (
					"$(inherited)",
					"@executable_path/Frameworks",
				);
				MARKETING_VERSION = 1.0;
				PRODUCT_BUNDLE_IDENTIFIER = "David.ARCraft-Final";
				PRODUCT_NAME = "$(TARGET_NAME)";
				SWIFT_EMIT_LOC_STRINGS = YES;
				SWIFT_VERSION = 5.0;
				TARGETED_DEVICE_FAMILY = "1,2";
			};
			name = Release;
		};
/* End XCBuildConfiguration section */

/* Begin XCConfigurationList section */
		2C6D68A5296FA36800EB37FC /* Build configuration list for PBXProject "ARCraft Final" */ = {
			isa = XCConfigurationList;
			buildConfigurations = (
				2C6D68B8296FA36900EB37FC /* Debug */,
				2C6D68B9296FA36900EB37FC /* Release */,
			);
			defaultConfigurationIsVisible = 0;
			defaultConfigurationName = Release;
		};
		2C6D68BA296FA36900EB37FC /* Build configuration list for PBXNativeTarget "ARCraft Final" */ = {
			isa = XCConfigurationList;
			buildConfigurations = (
				2C6D68BB296FA36900EB37FC /* Debug */,
				2C6D68BC296FA36900EB37FC /* Release */,
			);
			defaultConfigurationIsVisible = 0;
			defaultConfigurationName = Release;
		};
/* End XCConfigurationList section */

/* Begin XCRemoteSwiftPackageReference section */
		2C6D68C8296FA6B600EB37FC /* XCRemoteSwiftPackageReference "FocusEntity" */ = {
			isa = XCRemoteSwiftPackageReference;
			repositoryURL = "https://github.com/maxxfrazer/FocusEntity";
			requirement = {
				kind = upToNextMajorVersion;
				minimumVersion = 2.0.0;
			};
		};
/* End XCRemoteSwiftPackageReference section */

/* Begin XCSwiftPackageProductDependency section */
		2C6D68C9296FA6B600EB37FC /* FocusEntity */ = {
			isa = XCSwiftPackageProductDependency;
			package = 2C6D68C8296FA6B600EB37FC /* XCRemoteSwiftPackageReference "FocusEntity" */;
			productName = FocusEntity;
		};
/* End XCSwiftPackageProductDependency section */
	};
	rootObject = 2C6D68A2296FA36800EB37FC /* Project object */;
}
